
Microsoft Visual Studio Solution File, Format Version 12.00
# Visual Studio 15
VisualStudioVersion = 15.0.28010.2036
MinimumVisualStudioVersion = 10.0.40219.1
Project("{9A19103F-16F7-4668-BE54-9A1E7A4F7556}") = "CTB.Web", "CTB.Web\CTB.Web.csproj", "{F4027446-8FB9-48F1-9835-1A7CB28C6306}"
EndProject
Project("{9A19103F-16F7-4668-BE54-9A1E7A4F7556}") = "stLib.CS", "stLib.CS\stLib.CS.csproj", "{9B5EC3B9-8D2D-4945-918D-84C0AC548BA1}"
EndProject
Project("{9A19103F-16F7-4668-BE54-9A1E7A4F7556}") = "UnitTest", "UnitTest\UnitTest.csproj", "{3006651E-5CF7-4DF0-AC37-5D541D2161D7}"
EndProject
Project("{FAE04EC0-301F-11D3-BF4B-00C04F79EFBC}") = "CTB.Service", "CTB.Service\CTB.Service.csproj", "{8198E93A-5813-4E78-9F6D-1F0B45060517}"
EndProject
Project("{9A19103F-16F7-4668-BE54-9A1E7A4F7556}") = "CTB.Model", "CTB.Model\CTB.Model.csproj", "{611B618F-19FC-450C-86D4-399CE6283501}"
EndProject
Project("{2150E333-8FDC-42A3-9474-1A3956D46DE8}") = "CTB", "CTB", "{D35821D8-6933-4463-A25D-C7329B3B333B}"
EndProject
Project("{2150E333-8FDC-42A3-9474-1A3956D46DE8}") = "stLib", "stLib", "{07835D97-5DEF-4281-BEC2-8183E7C98D66}"
EndProject
Project("{FAE04EC0-301F-11D3-BF4B-00C04F79EFBC}") = "Mock", "MockModels\Mock.csproj", "{F385A8DE-996B-4E48-BA2F-8B2FAFA564A5}"
EndProject
Global
	GlobalSection(SolutionConfigurationPlatforms) = preSolution
		Debug|Any CPU = Debug|Any CPU
		Release|Any CPU = Release|Any CPU
	EndGlobalSection
	GlobalSection(ProjectConfigurationPlatforms) = postSolution
		{F4027446-8FB9-48F1-9835-1A7CB28C6306}.Debug|Any CPU.ActiveCfg = Debug|Any CPU
		{F4027446-8FB9-48F1-9835-1A7CB28C6306}.Debug|Any CPU.Build.0 = Debug|Any CPU
		{F4027446-8FB9-48F1-9835-1A7CB28C6306}.Release|Any CPU.ActiveCfg = Release|Any CPU
		{F4027446-8FB9-48F1-9835-1A7CB28C6306}.Release|Any CPU.Build.0 = Release|Any CPU
		{9B5EC3B9-8D2D-4945-918D-84C0AC548BA1}.Debug|Any CPU.ActiveCfg = Debug|Any CPU
		{9B5EC3B9-8D2D-4945-918D-84C0AC548BA1}.Debug|Any CPU.Build.0 = Debug|Any CPU
		{9B5EC3B9-8D2D-4945-918D-84C0AC548BA1}.Release|Any CPU.ActiveCfg = Release|Any CPU
		{9B5EC3B9-8D2D-4945-918D-84C0AC548BA1}.Release|Any CPU.Build.0 = Release|Any CPU
		{3006651E-5CF7-4DF0-AC37-5D541D2161D7}.Debug|Any CPU.ActiveCfg = Debug|Any CPU
		{3006651E-5CF7-4DF0-AC37-5D541D2161D7}.Debug|Any CPU.Build.0 = Debug|Any CPU
		{3006651E-5CF7-4DF0-AC37-5D541D2161D7}.Release|Any CPU.ActiveCfg = Release|Any CPU
		{3006651E-5CF7-4DF0-AC37-5D541D2161D7}.Release|Any CPU.Build.0 = Release|Any CPU
		{8198E93A-5813-4E78-9F6D-1F0B45060517}.Debug|Any CPU.ActiveCfg = Debug|Any CPU
		{8198E93A-5813-4E78-9F6D-1F0B45060517}.Debug|Any CPU.Build.0 = Debug|Any CPU
		{8198E93A-5813-4E78-9F6D-1F0B45060517}.Release|Any CPU.ActiveCfg = Release|Any CPU
		{8198E93A-5813-4E78-9F6D-1F0B45060517}.Release|Any CPU.Build.0 = Release|Any CPU
		{611B618F-19FC-450C-86D4-399CE6283501}.Debug|Any CPU.ActiveCfg = Debug|Any CPU
		{611B618F-19FC-450C-86D4-399CE6283501}.Debug|Any CPU.Build.0 = Debug|Any CPU
		{611B618F-19FC-450C-86D4-399CE6283501}.Release|Any CPU.ActiveCfg = Release|Any CPU
		{611B618F-19FC-450C-86D4-399CE6283501}.Release|Any CPU.Build.0 = Release|Any CPU
		{F385A8DE-996B-4E48-BA2F-8B2FAFA564A5}.Debug|Any CPU.ActiveCfg = Debug|Any CPU
		{F385A8DE-996B-4E48-BA2F-8B2FAFA564A5}.Debug|Any CPU.Build.0 = Debug|Any CPU
		{F385A8DE-996B-4E48-BA2F-8B2FAFA564A5}.Release|Any CPU.ActiveCfg = Release|Any CPU
		{F385A8DE-996B-4E48-BA2F-8B2FAFA564A5}.Release|Any CPU.Build.0 = Release|Any CPU
	EndGlobalSection
	GlobalSection(SolutionProperties) = preSolution
		HideSolutionNode = FALSE
	EndGlobalSection
	GlobalSection(NestedProjects) = preSolution
		{F4027446-8FB9-48F1-9835-1A7CB28C6306} = {D35821D8-6933-4463-A25D-C7329B3B333B}
		{9B5EC3B9-8D2D-4945-918D-84C0AC548BA1} = {07835D97-5DEF-4281-BEC2-8183E7C98D66}
		{8198E93A-5813-4E78-9F6D-1F0B45060517} = {D35821D8-6933-4463-A25D-C7329B3B333B}
		{611B618F-19FC-450C-86D4-399CE6283501} = {D35821D8-6933-4463-A25D-C7329B3B333B}
	EndGlobalSection
	GlobalSection(ExtensibilityGlobals) = postSolution
		SolutionGuid = {49EB67EE-0FA0-46D6-9C62-B05F658E4FFB}
	EndGlobalSection
EndGlobal
